{
  "version": 4,
  "terraform_version": "0.12.10",
  "serial": 87,
  "lineage": "e1339595-8f5c-ee91-dfab-bc6c60769916",
  "outputs": {},
  "resources": [
    {
      "mode": "managed",
      "type": "kubernetes_ingress",
      "name": "sv_app_svc_ingress",
      "provider": "provider.kubernetes",
      "instances": [
        {
          "schema_version": 0,
          "attributes": {
            "id": "default/sv-app-svc-ingress",
            "load_balancer_ingress": [],
            "metadata": [
              {
                "annotations": {
                  "kubernetes.io/ingress.global-static-ip-name": "work-skillset-visualizer"
                },
                "generate_name": "",
                "generation": 1,
                "labels": null,
                "name": "sv-app-svc-ingress",
                "namespace": "default",
                "resource_version": "23728",
                "self_link": "/apis/extensions/v1beta1/namespaces/default/ingresses/sv-app-svc-ingress",
                "uid": "42e8c271-19d4-11ea-980e-42010a8001a7"
              }
            ],
            "spec": [
              {
                "backend": [
                  {
                    "service_name": "sv-app-svc",
                    "service_port": "80"
                  }
                ],
                "rule": [],
                "tls": []
              }
            ]
          },
          "private": "bnVsbA==",
          "depends_on": [
            "kubernetes_service.sv_app_svc"
          ]
        }
      ]
    },
    {
      "mode": "managed",
      "type": "kubernetes_pod",
      "name": "sv_all_in_one",
      "provider": "provider.kubernetes",
      "instances": [
        {
          "schema_version": 0,
          "attributes": {
            "id": "default/sv-all-in-one",
            "metadata": [
              {
                "annotations": null,
                "generate_name": "",
                "generation": 0,
                "labels": {
                  "app": "skillset-visualizer"
                },
                "name": "sv-all-in-one",
                "namespace": "default",
                "resource_version": "23744",
                "self_link": "/api/v1/namespaces/default/pods/sv-all-in-one",
                "uid": "42b864a1-19d4-11ea-980e-42010a8001a7"
              }
            ],
            "spec": [
              {
                "active_deadline_seconds": 0,
                "affinity": [],
                "automount_service_account_token": false,
                "container": [
                  {
                    "args": null,
                    "command": null,
                    "env": [],
                    "env_from": [],
                    "image": "us.gcr.io/work1111/sv-db",
                    "image_pull_policy": "Always",
                    "lifecycle": [],
                    "liveness_probe": [],
                    "name": "sv-db",
                    "port": [
                      {
                        "container_port": 5432,
                        "host_ip": "",
                        "host_port": 0,
                        "name": "",
                        "protocol": "TCP"
                      }
                    ],
                    "readiness_probe": [],
                    "resources": [
                      {
                        "limits": [],
                        "requests": [
                          {
                            "cpu": "100m",
                            "memory": ""
                          }
                        ]
                      }
                    ],
                    "security_context": [],
                    "stdin": false,
                    "stdin_once": false,
                    "termination_message_path": "/dev/termination-log",
                    "tty": false,
                    "volume_mount": [],
                    "working_dir": ""
                  },
                  {
                    "args": null,
                    "command": [
                      "ash",
                      "-c",
                      "sleep 10; ./api"
                    ],
                    "env": [],
                    "env_from": [],
                    "image": "us.gcr.io/work1111/sv-api",
                    "image_pull_policy": "Always",
                    "lifecycle": [],
                    "liveness_probe": [],
                    "name": "sv-api",
                    "port": [
                      {
                        "container_port": 8081,
                        "host_ip": "",
                        "host_port": 0,
                        "name": "",
                        "protocol": "TCP"
                      }
                    ],
                    "readiness_probe": [],
                    "resources": [
                      {
                        "limits": [],
                        "requests": [
                          {
                            "cpu": "100m",
                            "memory": ""
                          }
                        ]
                      }
                    ],
                    "security_context": [],
                    "stdin": false,
                    "stdin_once": false,
                    "termination_message_path": "/dev/termination-log",
                    "tty": false,
                    "volume_mount": [],
                    "working_dir": ""
                  },
                  {
                    "args": null,
                    "command": [
                      "ash",
                      "-c",
                      "sleep 10; http-server dist"
                    ],
                    "env": [],
                    "env_from": [],
                    "image": "us.gcr.io/work1111/sv-app",
                    "image_pull_policy": "Always",
                    "lifecycle": [],
                    "liveness_probe": [],
                    "name": "sv-app",
                    "port": [
                      {
                        "container_port": 8080,
                        "host_ip": "",
                        "host_port": 0,
                        "name": "",
                        "protocol": "TCP"
                      }
                    ],
                    "readiness_probe": [],
                    "resources": [
                      {
                        "limits": [],
                        "requests": [
                          {
                            "cpu": "100m",
                            "memory": ""
                          }
                        ]
                      }
                    ],
                    "security_context": [],
                    "stdin": false,
                    "stdin_once": false,
                    "termination_message_path": "/dev/termination-log",
                    "tty": false,
                    "volume_mount": [],
                    "working_dir": ""
                  }
                ],
                "dns_config": [],
                "dns_policy": "ClusterFirst",
                "host_aliases": [],
                "host_ipc": false,
                "host_network": false,
                "host_pid": false,
                "hostname": "",
                "image_pull_secrets": [],
                "init_container": [],
                "node_name": "gke-work-gcc-gc-node-pool-578fd464-pgg2",
                "node_selector": null,
                "priority_class_name": "",
                "restart_policy": "Always",
                "security_context": [],
                "service_account_name": "default",
                "share_process_namespace": false,
                "subdomain": "",
                "termination_grace_period_seconds": 30,
                "toleration": [],
                "volume": []
              }
            ],
            "timeouts": null
          },
          "private": "eyJlMmJmYjczMC1lY2FhLTExZTYtOGY4OC0zNDM2M2JjN2M0YzAiOnsiY3JlYXRlIjozMDAwMDAwMDAwMDAsImRlbGV0ZSI6MzAwMDAwMDAwMDAwfX0="
        }
      ]
    },
    {
      "mode": "managed",
      "type": "kubernetes_service",
      "name": "sv_app_svc",
      "provider": "provider.kubernetes",
      "instances": [
        {
          "schema_version": 0,
          "attributes": {
            "id": "default/sv-app-svc",
            "load_balancer_ingress": [],
            "metadata": [
              {
                "annotations": null,
                "generate_name": "",
                "generation": 0,
                "labels": {
                  "svc": "sv-app-svc"
                },
                "name": "sv-app-svc",
                "namespace": "default",
                "resource_version": "23719",
                "self_link": "/api/v1/namespaces/default/services/sv-app-svc",
                "uid": "4296487f-19d4-11ea-980e-42010a8001a7"
              }
            ],
            "spec": [
              {
                "cluster_ip": "10.15.243.144",
                "external_ips": null,
                "external_name": "",
                "external_traffic_policy": "Cluster",
                "load_balancer_ip": "",
                "load_balancer_source_ranges": null,
                "port": [
                  {
                    "name": "",
                    "node_port": 31918,
                    "port": 80,
                    "protocol": "TCP",
                    "target_port": "8080"
                  }
                ],
                "publish_not_ready_addresses": false,
                "selector": {
                  "app": "skillset-visualizer"
                },
                "session_affinity": "None",
                "type": "NodePort"
              }
            ],
            "timeouts": null
          },
          "private": "eyJlMmJmYjczMC1lY2FhLTExZTYtOGY4OC0zNDM2M2JjN2M0YzAiOnsiY3JlYXRlIjo2MDAwMDAwMDAwMDB9fQ=="
        }
      ]
    }
  ]
}
