{
  "version": 4,
  "terraform_version": "0.12.10",
  "serial": 75,
  "lineage": "7a0636b3-5ebc-adb3-b807-9d1fb14a914f",
  "outputs": {},
  "resources": [
    {
      "mode": "managed",
      "type": "google_compute_network",
      "name": "work_net",
      "provider": "provider.google",
      "instances": [
        {
          "schema_version": 0,
          "attributes": {
            "auto_create_subnetworks": true,
            "delete_default_routes_on_create": false,
            "description": "",
            "gateway_ipv4": "",
            "id": "work-net",
            "ipv4_range": "",
            "name": "work-net",
            "project": "work1111",
            "routing_mode": "REGIONAL",
            "self_link": "https://www.googleapis.com/compute/v1/projects/work1111/global/networks/work-net",
            "timeouts": null
          },
          "private": "eyJlMmJmYjczMC1lY2FhLTExZTYtOGY4OC0zNDM2M2JjN2M0YzAiOnsiY3JlYXRlIjoyNDAwMDAwMDAwMDAsImRlbGV0ZSI6MjQwMDAwMDAwMDAwLCJ1cGRhdGUiOjI0MDAwMDAwMDAwMH19"
        }
      ]
    },
    {
      "mode": "managed",
      "type": "google_container_cluster",
      "name": "gcc",
      "provider": "provider.google",
      "instances": [
        {
          "schema_version": 1,
          "attributes": {
            "additional_zones": [
              "us-central1-a",
              "us-central1-b",
              "us-central1-f"
            ],
            "addons_config": [
              {
                "horizontal_pod_autoscaling": [],
                "http_load_balancing": [],
                "kubernetes_dashboard": [
                  {
                    "disabled": true
                  }
                ],
                "network_policy_config": [
                  {
                    "disabled": true
                  }
                ]
              }
            ],
            "cluster_autoscaling": [],
            "cluster_ipv4_cidr": "10.12.0.0/14",
            "default_max_pods_per_node": 110,
            "description": "",
            "enable_binary_authorization": null,
            "enable_intranode_visibility": null,
            "enable_kubernetes_alpha": false,
            "enable_legacy_abac": false,
            "enable_tpu": null,
            "endpoint": "34.66.249.164",
            "id": "work-gcc",
            "initial_node_count": 1,
            "instance_group_urls": [
              "https://www.googleapis.com/compute/v1/projects/work1111/zones/us-central1-f/instanceGroups/gke-work-gcc-gc-node-pool-debac040-grp",
              "https://www.googleapis.com/compute/v1/projects/work1111/zones/us-central1-a/instanceGroups/gke-work-gcc-gc-node-pool-1276cacb-grp",
              "https://www.googleapis.com/compute/v1/projects/work1111/zones/us-central1-b/instanceGroups/gke-work-gcc-gc-node-pool-8c20ae6c-grp"
            ],
            "ip_allocation_policy": [],
            "location": "us-central1",
            "logging_service": "logging.googleapis.com",
            "maintenance_policy": [],
            "master_auth": [
              {
                "client_certificate": "LS0tLS1CRUdJTiBDRVJUSUZJQ0FURS0tLS0tCk1JSUMyakNDQWNLZ0F3SUJBZ0lRTktvbHkycDVYbEx0SjVRNlI4Tm5YakFOQmdrcWhraUc5dzBCQVFzRkFEQXYKTVMwd0t3WURWUVFERXlSaFltRTNPVE00TVMwM05EYzFMVFF6TWprdE9XWXdOQzAwTTJaak5USmlNV05qTldZdwpIaGNOTVRreE1qRTBNVEF5TkRVNVdoY05NalF4TWpFeU1UQXlORFU1V2pBUk1ROHdEUVlEVlFRREV3WmpiR2xsCmJuUXdnZ0VpTUEwR0NTcUdTSWIzRFFFQkFRVUFBNElCRHdBd2dnRUtBb0lCQVFDM0lhZitCMGhrTTRXN3FpQ00KeVl0c1hQN2pmMHZsRTVSYnByVnlFMXFlc2F1ZW5uMnQvUUtHLzZuRlJVUVN0VGpzdUNxaTZlcEcwN1dYdkRRawpvWU1wZUkyRG5aRWRhOWVNa2NQU1IyemI0Ylpoc1ZkLzg1cDZBU20xRTNZV0NpUzFXMTRmRncwMGFxQXBFVTlGCmw4bDB6WXU2SlNLeHFLNFVFNXZTZnJoUlUvWmxuYUpBcWlLSWd6dHE1SllPeUI3MUt1WTZwTHc2VHcramhTOXMKZWF4OWFJUWl0WVlFVXlIZkFrRmxBS0t6VU4yREkrMDUzR2UyY2ZrNzBNM1VWdk9Uejk5cDY2U0M5c0pZKzJ1cApKQ3pJeVF0MDFvMGoyR3pHNDFVMnJ1SFp0L01JZ0tTSGdrdGFuSW5oWGdLak41QW9pSHFBa0ZFRWEyckRnUG12CmVvSEZBZ01CQUFHakVEQU9NQXdHQTFVZEV3RUIvd1FDTUFBd0RRWUpLb1pJaHZjTkFRRUxCUUFEZ2dFQkFGcC8KdlZSekpNRVUrbENmdnVpcmVvdWsrYk1MNnVoQVZ2blNqMG5yWXVFOC9kaGpSeFZ4QnE0eG1mLzUwbHNpeCt2QQpacERaWXRSMDMrbmhXdzM5S1RzWk5PYXBvRXRmNXJvYnNEeE10Ull5SVJ6OGhUbWtvUm05ZWpWcTRuelZ3cmE2CkR2Rk1lQS9IcWgwc0oxVkxDRDdzNFBRWGYzbWNXMW0vWVM1N2dQMXIzQTBpRktWMTAvMGZXWHFlSGUrQjhnM0sKMll2cTh2QmlONm1WYWhvV0RUMmdvTTZGcUF1R0hCSFA1OUVmUVJNNHNSNnNmaFJFS0xRMDc1T3B5b09OdG13agpiQ3BPMEZzWGIySjhSaWFsTUhjU0Z4RnFLdmdjTGFnenBRUzM1eDhSYWdsWTl1NVJxQUo5OTRTeVRxdURmblk1Cjd5US96UnJ1TEVEaS84YnFYaEU9Ci0tLS0tRU5EIENFUlRJRklDQVRFLS0tLS0K",
                "client_certificate_config": [
                  {
                    "issue_client_certificate": true
                  }
                ],
                "client_key": "LS0tLS1CRUdJTiBSU0EgUFJJVkFURSBLRVktLS0tLQpNSUlFcFFJQkFBS0NBUUVBdHlHbi9nZElaRE9GdTZvZ2pNbUxiRnorNDM5TDVST1VXNmExY2hOYW5yR3JucDU5CnJmMENoditweFVWRUVyVTQ3TGdxb3VucVJ0TzFsN3cwSktHREtYaU5nNTJSSFd2WGpKSEQwa2RzMitHMlliRlgKZi9PYWVnRXB0Uk4yRmdva3RWdGVIeGNOTkdxZ0tSRlBSWmZKZE0yTHVpVWlzYWl1RkJPYjBuNjRVVlAyWloyaQpRS29paUlNN2F1U1dEc2dlOVNybU9xUzhPazhQbzRVdmJIbXNmV2lFSXJXR0JGTWgzd0pCWlFDaXMxRGRneVB0Ck9keG50bkg1TzlETjFGYnprOC9mYWV1a2d2YkNXUHRycVNRc3lNa0xkTmFOSTloc3h1TlZOcTdoMmJmekNJQ2sKaDRKTFdweUo0VjRDb3plUUtJaDZnSkJSQkd0cXc0RDVyM3FCeFFJREFRQUJBb0lCQUJXV0RRUS9mWVA2SXNCZApMRnNNQXJneU9nVTg0d2hNaDRkS0hrY2xDdUI3MXR2cW1LdmlqK0t6emlJbnFQOS9od2M0S2lacjVpYVZHK21YCjBKbWt4QjRtVEovLytiUDdHenhCamxDQ0JNM2lUQ28xeWplVjBsYWhQblpPcGZPeEhHU1lNWDcrcTVyTEdyZmMKaDNpUGpMcU00L1I4SGh2TTQwQVFrNlI3TldTNGl0dk5PUnA2eXBBZjIwYXNqVmFvcVdBQWNZMkNNclhQUkNGcAp1WjhhbWpnb01waGxFRkNuR3RWZXc1RTJOcUhaME5Na1lSMU4vcG01a0gyczk3S3NmZlhTaVNVWXdjaVI5UFFOCkdnb0pNNUNXUGU1T0p0Tk5Ta2pwYktkT0tVWkU3bU9mcnlweWVoZnBmNExrVEt3R3FHU0tCc3ZFTWRaU0RCWEEKNFlLRm80RUNnWUVBM01HL291dzAxMEo4YnpHLzhGbnZ1NmlDU3RHT0RXeElsOWVOS3JaZmVuY2d6SjhYL0Z3egpyYkF3b0EvckQzN013KzFDcURnYkNHYlRnbTdOeGlSU1J3eHUzMHdhRCtEaDFNaUR5R3gyVVNCeTVHZ29pLzRRCkUxTDFvYWtPSnFpYW10M3c3dDJLRGlsLzdtemZ2YklveEwzWFFyaUVwbHVRUVFnWnJFanhXMkVDZ1lFQTFGNHMKUGZrSDNmdS9iNVRwUXZIYXZWbUZ5dWFIVU1ucXN3YnRuSStGVzFMcXpZZ3pLNjc0QUl0c1N2QjdKdGFFdllhNgpoWGtWK3M4cWlVQmFvemkyQTRJNTFML2ZWbHFUZUJYek5lZ0lvN0ZLWHZobFUzTkNGVS9oL0FtYml0UGFyZ0xzCnJBUWV1cFBZeWwzL2ZrdHpVeTV1Ym05TW1YRjhBYzVUdmRRT1JPVUNnWUVBc2VQakZGdTVYUGt6b3JyNVM2cDkKbDcvN2RtVVZUbFhDemJFaURaZzJxazRTL1RENnVCNW9lbjh2UDl4ejgrR2ZDZ2RJSHB4UGxGNmY5RXhydjA2SAppcjlISE9PTFlONDd2U2J6b3U5Y0RKWFVYNkJiaEN2d01sSTRvOVBDRm43cFR3Q241U1JhMm55d25hWFlTbG1sCnBwekFPUUROeSt5ZSt2aVhENUVjQlNFQ2dZRUFvdHQ5TGlGVnFTUXdFSSt2dWtqaXFDYUk5YXFIeHFxeHM0enkKbHdkeEN6R3hJdUQ1N053SEQ5UGJ2alJoSE0yUmlnNVI1NTJOLzRMemFjSFNRQzF6VjRsOGMreVlodzU2M0xKbwppc1JnSzdnQUFvaVdtOEpkd1I0N2ZSNlpDNE9meGFZMGZVM0RpdTFxYVBaZ3dpZDJUeW5pUWdwVVFhL0htMUx3CjRUaEhvUWtDZ1lFQTJNa3J3cVBJMk9UZEFqaVB2KzJ1bC94RnNLVVI4L3VhbXNDWmUxNzNGd1JNZmI2azNkV3AKcjdwUi9NeGdTUUlnME5sdjFaN25PS3RZYmU1blRoak9IeTQwaXllNzZYaW9nSzY4akFqSzFkOTRRUlFWOGdKNQpSZnhPY2VsdmY5N0tyMHc3WlNCaElwSVNheWVQVTlYL0JJd0pTQnpwNXlhZi9jNUx2LzdTSXJVPQotLS0tLUVORCBSU0EgUFJJVkFURSBLRVktLS0tLQo=",
                "cluster_ca_certificate": "LS0tLS1CRUdJTiBDRVJUSUZJQ0FURS0tLS0tCk1JSURERENDQWZTZ0F3SUJBZ0lSQUs0akhxQ3l0UC9MZnB5RVRBVWh4U3N3RFFZSktvWklodmNOQVFFTEJRQXcKTHpFdE1Dc0dBMVVFQXhNa1lXSmhOemt6T0RFdE56UTNOUzAwTXpJNUxUbG1NRFF0TkRObVl6VXlZakZqWXpWbQpNQjRYRFRFNU1USXhOREE1TWpRMU9Gb1hEVEkwTVRJeE1qRXdNalExT0Zvd0x6RXRNQ3NHQTFVRUF4TWtZV0poCk56a3pPREV0TnpRM05TMDBNekk1TFRsbU1EUXRORE5tWXpVeVlqRmpZelZtTUlJQklqQU5CZ2txaGtpRzl3MEIKQVFFRkFBT0NBUThBTUlJQkNnS0NBUUVBdStCb1ZlS3F0a05JeER5R2pPcTBnVnN3emJ5YnFjSGF3eC9LNEptcApHMlpXYXNtQ1gvdjVqZTl2Qm5RM2R2VG9ncGkvN1k2RzA3czAwZzc3NDN5NkRNNXZPZzZTcXZnWC9kcXhmN3pSCmNSWU54NEV1cnpQUllWQ0k3OXVEdEVTRkQ1aFR0L2sxM3Nod1docWY2bnJVMkhwOUNLUjMxdGcyREp6SmdFTEUKUHRxYzhjaTU3RVJQbit1OUZtV0FjbHVVWmxOR3B5TmNQdTFDTTNnRmUrVWhWZ0N1VXRySXFGMzVhdnNSVTRhTQovUHIrSUhtNDdGQjVNdmgvTWxjTWNCTGpMQVdkRWQ5YTVNeG5Hdm9OTmNWeXJZV09qb3QvbEdJRmc3ZWM4YUJtCjRwbnByaFkzeHZnbERMVE85RE5jNW9wMDFhYVlLeUZkbFdhWnZaOHR1Q0NhMXdJREFRQUJveU13SVRBT0JnTlYKSFE4QkFmOEVCQU1DQWdRd0R3WURWUjBUQVFIL0JBVXdBd0VCL3pBTkJna3Foa2lHOXcwQkFRc0ZBQU9DQVFFQQppbTNnc0FPbml6OEh2VUxreFRVWWczY0M3QlFwV2p3NzlTNzZvazVsd3diMFUwSWhhNmdMNUZENmVVbGxGUTdDCm9qSE16QkU4R3JGa01YNk9uUGF5Z1dsSExvNEdpWUc1K2pYVTN1M2xFZ3BqNkJwU2ZLdzliSG1OdXF1ZnJMdVoKVnk5dnhZcVFQZ1B3d3RzaXVxRHE3ZnpNSXFGeE1kNGxMQW1LV3hBdDgwalk4VEFlaUNpT2VxQTVtd2p5eFFaaQpoMUJ1UmRPWFAzOXdWQUwvTmFSYjEwRmlLZU9mTHBwa2ZnL0h0RlRSVldPRWovUitYSVlObGJpZHNoMlFwak1nCmpiWTFBZ0dqLzIxUC9BSy9PRnpaVklWeG14b0JNcVh0YU1BRFNzTzhBaHJaaWtrUDZ1UU9GSU40RVlrQXlpaVoKMWtyZkVzb1ZJeXgxUjJLa1pKQXZOQT09Ci0tLS0tRU5EIENFUlRJRklDQVRFLS0tLS0K",
                "password": "",
                "username": ""
              }
            ],
            "master_authorized_networks_config": [],
            "master_version": "1.13.11-gke.14",
            "min_master_version": null,
            "monitoring_service": "monitoring.googleapis.com",
            "name": "work-gcc",
            "network": "projects/work1111/global/networks/work-net",
            "network_policy": [
              {
                "enabled": false,
                "provider": "PROVIDER_UNSPECIFIED"
              }
            ],
            "node_config": [
              {
                "disk_size_gb": 100,
                "disk_type": "pd-standard",
                "guest_accelerator": [],
                "image_type": "COS",
                "labels": {},
                "local_ssd_count": 0,
                "machine_type": "n1-standard-1",
                "metadata": {
                  "disable-legacy-endpoints": "true"
                },
                "min_cpu_platform": "",
                "oauth_scopes": [
                  "https://www.googleapis.com/auth/devstorage.read_only",
                  "https://www.googleapis.com/auth/logging.write",
                  "https://www.googleapis.com/auth/monitoring"
                ],
                "preemptible": true,
                "sandbox_config": [],
                "service_account": "default",
                "tags": [],
                "taint": [],
                "workload_metadata_config": []
              }
            ],
            "node_locations": [
              "us-central1-a",
              "us-central1-b",
              "us-central1-f"
            ],
            "node_pool": [
              {
                "autoscaling": [],
                "initial_node_count": 1,
                "instance_group_urls": [
                  "https://www.googleapis.com/compute/v1/projects/work1111/zones/us-central1-f/instanceGroupManagers/gke-work-gcc-gc-node-pool-debac040-grp",
                  "https://www.googleapis.com/compute/v1/projects/work1111/zones/us-central1-a/instanceGroupManagers/gke-work-gcc-gc-node-pool-1276cacb-grp",
                  "https://www.googleapis.com/compute/v1/projects/work1111/zones/us-central1-b/instanceGroupManagers/gke-work-gcc-gc-node-pool-8c20ae6c-grp"
                ],
                "management": [
                  {
                    "auto_repair": false,
                    "auto_upgrade": false
                  }
                ],
                "max_pods_per_node": 0,
                "name": "gc-node-pool",
                "name_prefix": "",
                "node_config": [
                  {
                    "disk_size_gb": 100,
                    "disk_type": "pd-standard",
                    "guest_accelerator": [],
                    "image_type": "COS",
                    "labels": {},
                    "local_ssd_count": 0,
                    "machine_type": "n1-standard-1",
                    "metadata": {
                      "disable-legacy-endpoints": "true"
                    },
                    "min_cpu_platform": "",
                    "oauth_scopes": [
                      "https://www.googleapis.com/auth/devstorage.read_only",
                      "https://www.googleapis.com/auth/logging.write",
                      "https://www.googleapis.com/auth/monitoring"
                    ],
                    "preemptible": true,
                    "sandbox_config": [],
                    "service_account": "default",
                    "tags": [],
                    "taint": [],
                    "workload_metadata_config": []
                  }
                ],
                "node_count": 1,
                "version": "1.13.11-gke.14"
              }
            ],
            "node_version": "1.13.11-gke.14",
            "pod_security_policy_config": [],
            "private_cluster_config": [],
            "project": "work1111",
            "region": "us-central1",
            "remove_default_node_pool": true,
            "resource_labels": {},
            "services_ipv4_cidr": "10.15.240.0/20",
            "subnetwork": "projects/work1111/regions/us-central1/subnetworks/work-net",
            "timeouts": null,
            "zone": null
          },
          "private": "eyJlMmJmYjczMC1lY2FhLTExZTYtOGY4OC0zNDM2M2JjN2M0YzAiOnsiY3JlYXRlIjoxODAwMDAwMDAwMDAwLCJkZWxldGUiOjE4MDAwMDAwMDAwMDAsInVwZGF0ZSI6MzYwMDAwMDAwMDAwMH0sInNjaGVtYV92ZXJzaW9uIjoiMSJ9",
          "depends_on": [
            "google_compute_network.work_net"
          ]
        }
      ]
    }
  ]
}
