{
  "version": 4,
  "terraform_version": "0.12.10",
  "serial": 21,
  "lineage": "7a0636b3-5ebc-adb3-b807-9d1fb14a914f",
  "outputs": {},
  "resources": [
    {
      "mode": "managed",
      "type": "google_compute_firewall",
      "name": "work_net_fw",
      "provider": "provider.google",
      "instances": [
        {
          "schema_version": 1,
          "attributes": {
            "allow": [
              {
                "ports": [
                  "80",
                  "81"
                ],
                "protocol": "tcp"
              }
            ],
            "creation_timestamp": "2019-12-08T06:42:57.603-08:00",
            "deny": [],
            "description": "",
            "destination_ranges": [],
            "direction": "INGRESS",
            "disabled": false,
            "id": "work-net-fw",
            "name": "work-net-fw",
            "network": "https://www.googleapis.com/compute/v1/projects/work1111/global/networks/work-net",
            "priority": 1000,
            "project": "work1111",
            "self_link": "https://www.googleapis.com/compute/v1/projects/work1111/global/firewalls/work-net-fw",
            "source_ranges": [
              "0.0.0.0/0"
            ],
            "source_service_accounts": null,
            "source_tags": null,
            "target_service_accounts": null,
            "target_tags": null,
            "timeouts": null
          },
          "private": "eyJlMmJmYjczMC1lY2FhLTExZTYtOGY4OC0zNDM2M2JjN2M0YzAiOnsiY3JlYXRlIjoyNDAwMDAwMDAwMDAsImRlbGV0ZSI6MjQwMDAwMDAwMDAwLCJ1cGRhdGUiOjI0MDAwMDAwMDAwMH0sInNjaGVtYV92ZXJzaW9uIjoiMSJ9",
          "depends_on": [
            "google_compute_network.work_net"
          ]
        }
      ]
    },
    {
      "mode": "managed",
      "type": "google_compute_network",
      "name": "work_net",
      "provider": "provider.google",
      "instances": [
        {
          "schema_version": 0,
          "attributes": {
            "auto_create_subnetworks": true,
            "delete_default_routes_on_create": false,
            "description": "",
            "gateway_ipv4": "",
            "id": "work-net",
            "ipv4_range": "",
            "name": "work-net",
            "project": "work1111",
            "routing_mode": "REGIONAL",
            "self_link": "https://www.googleapis.com/compute/v1/projects/work1111/global/networks/work-net",
            "timeouts": null
          },
          "private": "eyJlMmJmYjczMC1lY2FhLTExZTYtOGY4OC0zNDM2M2JjN2M0YzAiOnsiY3JlYXRlIjoyNDAwMDAwMDAwMDAsImRlbGV0ZSI6MjQwMDAwMDAwMDAwLCJ1cGRhdGUiOjI0MDAwMDAwMDAwMH19"
        }
      ]
    },
    {
      "mode": "managed",
      "type": "google_container_cluster",
      "name": "gcc",
      "provider": "provider.google",
      "instances": [
        {
          "schema_version": 1,
          "attributes": {
            "additional_zones": [
              "us-central1-a",
              "us-central1-c",
              "us-central1-f"
            ],
            "addons_config": [
              {
                "horizontal_pod_autoscaling": [],
                "http_load_balancing": [],
                "kubernetes_dashboard": [
                  {
                    "disabled": true
                  }
                ],
                "network_policy_config": [
                  {
                    "disabled": true
                  }
                ]
              }
            ],
            "cluster_autoscaling": [],
            "cluster_ipv4_cidr": "10.12.0.0/14",
            "default_max_pods_per_node": 110,
            "description": "",
            "enable_binary_authorization": null,
            "enable_intranode_visibility": null,
            "enable_kubernetes_alpha": false,
            "enable_legacy_abac": false,
            "enable_tpu": null,
            "endpoint": "35.193.90.78",
            "id": "work-gcc",
            "initial_node_count": 1,
            "instance_group_urls": [
              "https://www.googleapis.com/compute/v1/projects/work1111/zones/us-central1-a/instanceGroups/gke-work-gcc-gc-node-pool-5d8b58e4-grp",
              "https://www.googleapis.com/compute/v1/projects/work1111/zones/us-central1-f/instanceGroups/gke-work-gcc-gc-node-pool-713f0137-grp",
              "https://www.googleapis.com/compute/v1/projects/work1111/zones/us-central1-c/instanceGroups/gke-work-gcc-gc-node-pool-578fd464-grp"
            ],
            "ip_allocation_policy": [],
            "location": "us-central1",
            "logging_service": "logging.googleapis.com",
            "maintenance_policy": [],
            "master_auth": [
              {
                "client_certificate": "LS0tLS1CRUdJTiBDRVJUSUZJQ0FURS0tLS0tCk1JSUMyekNDQWNPZ0F3SUJBZ0lSQU1yV3QwOUxBaG4zeHJyRUYxYWUvVk13RFFZSktvWklodmNOQVFFTEJRQXcKTHpFdE1Dc0dBMVVFQXhNa016QmlOV0psTmpjdE5tSTVaQzAwTUdWaExXRTJNakV0TVdJeE16YzRNV0l4WlRRdwpNQjRYRFRFNU1USXdPREUwTXpNek1Gb1hEVEkwTVRJd05qRTBNek16TUZvd0VURVBNQTBHQTFVRUF4TUdZMnhwClpXNTBNSUlCSWpBTkJna3Foa2lHOXcwQkFRRUZBQU9DQVE4QU1JSUJDZ0tDQVFFQXZ5NDdURW05MzlOMW9PWSsKS1VmNENLb0xLd056dEprQ3pCblVycFNaTGNRdnZBcEhUYm9aTUlpYkZ6MTByTlpjVC8rUzM4R1Q5ckF6OG9rTQpVdUhwVEJEcUdSK0pFQk5peE9jQVVwWGdCV2RRWnZZMW9aZGZSTXhtUTU4Sk03Y0pVem9yemZQcWlZUFJxSlRLCnpCRU5QWVdLUnB3V3JndGFmTHJmeC84VmVUbnNYQksxVmFsell0bkJkUEd1MWFqc2ppWnlNelY2UUVQK09xMlUKaUxmT1JjUlRhbWpMOFNaVnJVVExnNlpaYlkwUXA1SU9ybkNORmxFSDcrQnh3VzV3c3lHSjJtTGtLNzY5ZTlFdAovcndKV3hhcVpUQmkzaHEzQ1Aza0RBMWVBVERoQW5naE5sN01KTWUyazlhR3U3TURTQ01GNzBPTUd1Tm80M1U1CjBWcmNZUUlEQVFBQm94QXdEakFNQmdOVkhSTUJBZjhFQWpBQU1BMEdDU3FHU0liM0RRRUJDd1VBQTRJQkFRQzAKY0xTV2ludHB3YXdsWTBZdnAzaEFwd1JlRitBdHNlZGxxTVhsRk5LMU1lZy9sN1B1U0lkTDI4VHcxMEJibTYyOQozMk9YbXRwZXdZdTZWMFVodWZ1a0FVbkJ3U29tVnk2eFczQlBrT2VHeDZNeWhGYzhtNzVzVCtNUHJFWGpaRkgyClgyL1NWWVRKMmtHakFHd0hpOFVYcGo4RXVvQUxFdUlSYTVvVjBNbmhVazZFelQ3OTZjYXZseDNYeGk4YnAyM3QKZUlmWUFYYTJjb2didmhvYmpsQnNTQ2ptdmxVcGNWZ016S2x3QW5Da3d6ZXR0YTFVRE1YWCtvWkdjczNTN3ltOApwUWZQejZEYmxrdnM5Y09uTEk3cmZJVDVVeGFTOGlTSUc4WThVbTZoLzBYVTByVjZ6NXhoMElaeElKczBuOTgvCkdGUXVJSnFQOXR6VmlEVEpta1phCi0tLS0tRU5EIENFUlRJRklDQVRFLS0tLS0K",
                "client_certificate_config": [
                  {
                    "issue_client_certificate": true
                  }
                ],
                "client_key": "LS0tLS1CRUdJTiBSU0EgUFJJVkFURSBLRVktLS0tLQpNSUlFb2dJQkFBS0NBUUVBdnk0N1RFbTkzOU4xb09ZK0tVZjRDS29MS3dOenRKa0N6Qm5VcnBTWkxjUXZ2QXBIClRib1pNSWliRnoxMHJOWmNULytTMzhHVDlyQXo4b2tNVXVIcFRCRHFHUitKRUJOaXhPY0FVcFhnQldkUVp2WTEKb1pkZlJNeG1RNThKTTdjSlV6b3J6ZlBxaVlQUnFKVEt6QkVOUFlXS1Jwd1dyZ3RhZkxyZngvOFZlVG5zWEJLMQpWYWx6WXRuQmRQR3UxYWpzamlaeU16VjZRRVArT3EyVWlMZk9SY1JUYW1qTDhTWlZyVVRMZzZaWmJZMFFwNUlPCnJuQ05GbEVINytCeHdXNXdzeUdKMm1Ma0s3NjllOUV0L3J3Sld4YXFaVEJpM2hxM0NQM2tEQTFlQVREaEFuZ2gKTmw3TUpNZTJrOWFHdTdNRFNDTUY3ME9NR3VObzQzVTUwVnJjWVFJREFRQUJBb0lCQUZDWElnc1NLTmJTRW90dAprM1dlYjNuamlJcXN6VmtyaVNqVm1MaXhUbk1pK1FaWkJON0luTGEvVnpWd1JCOVp5NWN6Z3N3TkU1MFJnUXh6CjVqeUlHK3JqVkhPYnZoRUhRd01DNTdsb2tZTmxubGlRNEdIS2FEQWR3OXdzamRuOWhoSk4rc282VUx1QVZHQ3UKdkdCU3JkU3AxdlRWOXArT2pLbjRzcjNoazBGQ3hUUWh3QWp0MVNqbnpOY2RYRFc1b3o5Uy8rTW9BWmp6WmtBbwpnS2E1QzQ2cmY3TmVENUQ0ZUpHb3B0QnluM2JQME9taDlMUk5Ucm5aTFh6SVZ3MHNVYXkyVExBNW9tQU9pQWVECks4SjNIK2dOR2Z0Q0lHbVVOZzlIMUliWjlCYlRhK1B4VE9UUDVNV1Q2VUJrV3RMLzlBVDY5Q2JOd0xhUy9KZy8KYk5uREtKTUNnWUVBNjVPdjVyMVc2ZmhNeE9YUE1kZzlIQUY3a2trczQ3SFY5dExWOVZZS1ZtZ2tZRnZDckRVMgp1eHBqYy9peHYzODZRVklLYXY2dWJ6VWM1d0pGVUFaemJhcEYwWHRvTHdsa2Yvd0JORnZpZm9rS1EzOTRydlBOCi94V3hjSUIrTkcrTG5wR1U0c25QQnhhT1BHZ1d5blFuQU41TVRheEZidFEvdms5RGk4cGdQV01DZ1lFQXo4RTYKWVdsRjdjNlFaaU1yVmE5MzZycEQ5WmQyQ0MvUnVHZGl5R1BUT3lucmN2eVUzdE91VVFuY0QzR3pSelcyNEZvNQplbkJxei8wdUV4TTlHMEgxQVFPa09Xa3pyblhuaWdSR1VJeTN4L1dCcWdRQkNBakgwNjlib2JEQ2QzcVJPNUkyCmRuMWgyQ2lkSEtIa0NocndzYXV6VFZmRHFVMlhpaUtEVEVPcVBHc0NnWUFUZ0NFeWQzL25WRDkrbVF0aXMrU3oKR2NoUjNxN1JsbG9BMllrT2l2WEdHMDdQanlqNU9scHllSWU5Qk53cDN1MUNsUGo1ekdWQ0hXSnNHUHNGMmRMYQpSQnNOY1NxNW9neG9yOEtsdytsbTBnOUFjUi9iVTZFOHVWMzcweGNmWGhCdnF0dHBQbzFkcDlkVVZzVjBNdE03CnRpc1l6dWJjZXNOZ0RJMnAxN0hKd3dLQmdGeEI4NW4wZE9CUTNhRHR0ejI2eVNiTWhvZFdOazBXWnl4YmhPdDIKSVFSaDdqUEc1Sms3S1dyRlZScnFvL0ZZY2hpWkdITTkzc0QwTG5TOEUyTzZXNEdTeTJmUFJ1c1BZcjNRZmlVaApDQy9jM3pMUHltRjEvTDhOWFVTbFNRWmp3SURTd2lyR0xTQWZrUDE1Q3RwTjhsc0Q0NERTRzRwZ2NZNGZHMjFQCmt4WjNBb0dBUzdOVWpCYjNBVFFqWS9sSlVyaHVMRmZ2Qkw1eDZJaU1wb0RhNjhxSnBZOXNpUERGNFI1UEwxWXcKMWc3SGYzWld3UktXOEVwNFpqZS9IR3RMdGhlUzRyOTFXSHV2c0JhK1Frc1c1NnVtWENCZ3pOd1RDeHB4cWxDZApXS3kzL0hodWFhY1MwYTd4ckhzV2Nra2pacWU1Nkx6cTU4WnBtMHFxbXlWYmtIUFFsaTA9Ci0tLS0tRU5EIFJTQSBQUklWQVRFIEtFWS0tLS0tCg==",
                "cluster_ca_certificate": "LS0tLS1CRUdJTiBDRVJUSUZJQ0FURS0tLS0tCk1JSURDekNDQWZPZ0F3SUJBZ0lRSDV1WUxSRnBpRlJ6OHVoVi93dHFMVEFOQmdrcWhraUc5dzBCQVFzRkFEQXYKTVMwd0t3WURWUVFERXlRek1HSTFZbVUyTnkwMllqbGtMVFF3WldFdFlUWXlNUzB4WWpFek56Z3hZakZsTkRBdwpIaGNOTVRreE1qQTRNVE16TXpJNVdoY05NalF4TWpBMk1UUXpNekk1V2pBdk1TMHdLd1lEVlFRREV5UXpNR0kxClltVTJOeTAyWWpsa0xUUXdaV0V0WVRZeU1TMHhZakV6TnpneFlqRmxOREF3Z2dFaU1BMEdDU3FHU0liM0RRRUIKQVFVQUE0SUJEd0F3Z2dFS0FvSUJBUUMzK1BHZGt2RmtWYTBONTZ1cHdWd1NybUZPbjFVMkNhTEU3QTE5Zk9mRAoxY2VjUE4rUy9wUURTcG5VMVMzOU1ySnpKR1F2ejNJeW92WTlOMDZnWE0wRndTTDlYVTA4Mkk0b25zK2Q4WXdECmFkYWlqQXdFMkFCUVNId3QySGw1QU9CeDVkbWdHb0dOUldMeGp1dFdpSEJHbzk4SGdVY0RNdE9GYzJ4NllHNlIKd2RwUHluZHdFeVF1OXFraHo3NEIwSUExb0RVbENXRGFWeGJFelVlSmdsNFhvTmJ1Rkh6OUFzMWthdmhNUThRdAp1SEUvaGhRSnhJN1QxN1l0bmQ5NWtDUzJFYXpSNHFZTU9NR3RnTFdxV3FhMkgxWjMzTVR2YmVsZW1hM0RxbUlCCnlobnFZZ2E4ajQ2VWJ1Q3VON3RyMFdyaFZ4MUVBYzZqbkZiM0svZEdyTVl2QWdNQkFBR2pJekFoTUE0R0ExVWQKRHdFQi93UUVBd0lDQkRBUEJnTlZIUk1CQWY4RUJUQURBUUgvTUEwR0NTcUdTSWIzRFFFQkN3VUFBNElCQVFCVwpBUHRDbFlBNWh1U21vQXRtZnhVNnVoSnFpOUhqSm4zTGdNdVJqbUFRQzNwQk9TSS9hUzgvdjdINjZ4SFN6TURlCkZmSEpFdXlyN25XSlBWb0g4SDJlZzRoeTJEcHhVVjQxU2lrM1NTc01HbWJoZXFDS3BtdmV0VXlzMFNNZjJ1YSsKWE9reDFLSVFlS3VlcVBOc2V3VWIrVFBFV0k2TFM4TDU3dWVHeDFrTTZ0MW9kZlJsRUg0SEU5UVRpVno0RCt5TApvbGY0MlFRZVhZRXhFY296YkE1dUtPVnZuYXJIeUV5cTNUOHJwazJiMUFQaGE5L3VqM2JNSnFLQTZ1dDlGZjFTCjNBVnlDQ1pCVUIvZ1VPUGxlS1BrMlVyTG9ENEU0SThxcks5ZlRyOXBhNDhYU2RxZ01lQkRpc3pwZ3JBblAzKysKdXBWOUpmUWRhRk42bndXTmlBME4KLS0tLS1FTkQgQ0VSVElGSUNBVEUtLS0tLQo=",
                "password": "",
                "username": ""
              }
            ],
            "master_authorized_networks_config": [],
            "master_version": "1.13.11-gke.14",
            "min_master_version": null,
            "monitoring_service": "monitoring.googleapis.com",
            "name": "work-gcc",
            "network": "projects/work1111/global/networks/work-net",
            "network_policy": [
              {
                "enabled": false,
                "provider": "PROVIDER_UNSPECIFIED"
              }
            ],
            "node_config": [
              {
                "disk_size_gb": 100,
                "disk_type": "pd-standard",
                "guest_accelerator": [],
                "image_type": "COS",
                "labels": {},
                "local_ssd_count": 0,
                "machine_type": "n1-standard-1",
                "metadata": {
                  "disable-legacy-endpoints": "true"
                },
                "min_cpu_platform": "",
                "oauth_scopes": [
                  "https://www.googleapis.com/auth/devstorage.read_only",
                  "https://www.googleapis.com/auth/logging.write",
                  "https://www.googleapis.com/auth/monitoring"
                ],
                "preemptible": true,
                "sandbox_config": [],
                "service_account": "default",
                "tags": [],
                "taint": [],
                "workload_metadata_config": []
              }
            ],
            "node_locations": [
              "us-central1-a",
              "us-central1-c",
              "us-central1-f"
            ],
            "node_pool": [
              {
                "autoscaling": [],
                "initial_node_count": 1,
                "instance_group_urls": [
                  "https://www.googleapis.com/compute/v1/projects/work1111/zones/us-central1-a/instanceGroupManagers/gke-work-gcc-gc-node-pool-5d8b58e4-grp",
                  "https://www.googleapis.com/compute/v1/projects/work1111/zones/us-central1-f/instanceGroupManagers/gke-work-gcc-gc-node-pool-713f0137-grp",
                  "https://www.googleapis.com/compute/v1/projects/work1111/zones/us-central1-c/instanceGroupManagers/gke-work-gcc-gc-node-pool-578fd464-grp"
                ],
                "management": [
                  {
                    "auto_repair": false,
                    "auto_upgrade": false
                  }
                ],
                "max_pods_per_node": 0,
                "name": "gc-node-pool",
                "name_prefix": "",
                "node_config": [
                  {
                    "disk_size_gb": 100,
                    "disk_type": "pd-standard",
                    "guest_accelerator": [],
                    "image_type": "COS",
                    "labels": {},
                    "local_ssd_count": 0,
                    "machine_type": "n1-standard-1",
                    "metadata": {
                      "disable-legacy-endpoints": "true"
                    },
                    "min_cpu_platform": "",
                    "oauth_scopes": [
                      "https://www.googleapis.com/auth/devstorage.read_only",
                      "https://www.googleapis.com/auth/logging.write",
                      "https://www.googleapis.com/auth/monitoring"
                    ],
                    "preemptible": true,
                    "sandbox_config": [],
                    "service_account": "default",
                    "tags": [],
                    "taint": [],
                    "workload_metadata_config": []
                  }
                ],
                "node_count": 1,
                "version": "1.13.11-gke.14"
              }
            ],
            "node_version": "1.13.11-gke.14",
            "pod_security_policy_config": [],
            "private_cluster_config": [],
            "project": "work1111",
            "region": "us-central1",
            "remove_default_node_pool": true,
            "resource_labels": {},
            "services_ipv4_cidr": "10.15.240.0/20",
            "subnetwork": "projects/work1111/regions/us-central1/subnetworks/work-net",
            "timeouts": null,
            "zone": null
          },
          "private": "eyJlMmJmYjczMC1lY2FhLTExZTYtOGY4OC0zNDM2M2JjN2M0YzAiOnsiY3JlYXRlIjoxODAwMDAwMDAwMDAwLCJkZWxldGUiOjE4MDAwMDAwMDAwMDAsInVwZGF0ZSI6MzYwMDAwMDAwMDAwMH0sInNjaGVtYV92ZXJzaW9uIjoiMSJ9",
          "depends_on": [
            "google_compute_network.work_net"
          ]
        }
      ]
    },
    {
      "mode": "managed",
      "type": "google_container_node_pool",
      "name": "gc_node_pool",
      "provider": "provider.google",
      "instances": [
        {
          "schema_version": 1,
          "attributes": {
            "autoscaling": [],
            "cluster": "work-gcc",
            "id": "us-central1/work-gcc/gc-node-pool",
            "initial_node_count": 1,
            "instance_group_urls": [
              "https://www.googleapis.com/compute/v1/projects/work1111/zones/us-central1-a/instanceGroupManagers/gke-work-gcc-gc-node-pool-5d8b58e4-grp",
              "https://www.googleapis.com/compute/v1/projects/work1111/zones/us-central1-f/instanceGroupManagers/gke-work-gcc-gc-node-pool-713f0137-grp",
              "https://www.googleapis.com/compute/v1/projects/work1111/zones/us-central1-c/instanceGroupManagers/gke-work-gcc-gc-node-pool-578fd464-grp"
            ],
            "location": "us-central1",
            "management": [
              {
                "auto_repair": false,
                "auto_upgrade": false
              }
            ],
            "max_pods_per_node": null,
            "name": "gc-node-pool",
            "name_prefix": "",
            "node_config": [
              {
                "disk_size_gb": 100,
                "disk_type": "pd-standard",
                "guest_accelerator": [],
                "image_type": "COS",
                "labels": {},
                "local_ssd_count": 0,
                "machine_type": "n1-standard-1",
                "metadata": {
                  "disable-legacy-endpoints": "true"
                },
                "min_cpu_platform": "",
                "oauth_scopes": [
                  "https://www.googleapis.com/auth/devstorage.read_only",
                  "https://www.googleapis.com/auth/logging.write",
                  "https://www.googleapis.com/auth/monitoring"
                ],
                "preemptible": true,
                "sandbox_config": [],
                "service_account": "default",
                "tags": [],
                "taint": [],
                "workload_metadata_config": []
              }
            ],
            "node_count": 1,
            "project": "work1111",
            "region": "us-central1",
            "timeouts": null,
            "version": "1.13.11-gke.14",
            "zone": null
          },
          "private": "eyJlMmJmYjczMC1lY2FhLTExZTYtOGY4OC0zNDM2M2JjN2M0YzAiOnsiY3JlYXRlIjoxODAwMDAwMDAwMDAwLCJkZWxldGUiOjYwMDAwMDAwMDAwMCwidXBkYXRlIjo2MDAwMDAwMDAwMDB9LCJzY2hlbWFfdmVyc2lvbiI6IjEifQ==",
          "depends_on": [
            "google_container_cluster.gcc"
          ]
        }
      ]
    }
  ]
}
