{
  "version": 4,
  "terraform_version": "0.12.10",
  "serial": 63,
  "lineage": "7a0636b3-5ebc-adb3-b807-9d1fb14a914f",
  "outputs": {},
  "resources": [
    {
      "mode": "managed",
      "type": "google_compute_firewall",
      "name": "work_net_fw",
      "provider": "provider.google",
      "instances": [
        {
          "schema_version": 1,
          "attributes": {
            "allow": [
              {
                "ports": [
                  "80",
                  "8081"
                ],
                "protocol": "tcp"
              }
            ],
            "creation_timestamp": "2019-12-13T06:47:16.109-08:00",
            "deny": [],
            "description": "",
            "destination_ranges": [],
            "direction": "INGRESS",
            "disabled": false,
            "id": "work-net-fw",
            "name": "work-net-fw",
            "network": "https://www.googleapis.com/compute/v1/projects/work1111/global/networks/work-net",
            "priority": 1000,
            "project": "work1111",
            "self_link": "https://www.googleapis.com/compute/v1/projects/work1111/global/firewalls/work-net-fw",
            "source_ranges": [
              "0.0.0.0/0"
            ],
            "source_service_accounts": null,
            "source_tags": null,
            "target_service_accounts": null,
            "target_tags": null,
            "timeouts": null
          },
          "private": "eyJlMmJmYjczMC1lY2FhLTExZTYtOGY4OC0zNDM2M2JjN2M0YzAiOnsiY3JlYXRlIjoyNDAwMDAwMDAwMDAsImRlbGV0ZSI6MjQwMDAwMDAwMDAwLCJ1cGRhdGUiOjI0MDAwMDAwMDAwMH0sInNjaGVtYV92ZXJzaW9uIjoiMSJ9",
          "depends_on": [
            "google_compute_network.work_net"
          ]
        }
      ]
    },
    {
      "mode": "managed",
      "type": "google_compute_network",
      "name": "work_net",
      "provider": "provider.google",
      "instances": [
        {
          "schema_version": 0,
          "attributes": {
            "auto_create_subnetworks": true,
            "delete_default_routes_on_create": false,
            "description": "",
            "gateway_ipv4": "",
            "id": "work-net",
            "ipv4_range": "",
            "name": "work-net",
            "project": "work1111",
            "routing_mode": "REGIONAL",
            "self_link": "https://www.googleapis.com/compute/v1/projects/work1111/global/networks/work-net",
            "timeouts": null
          },
          "private": "eyJlMmJmYjczMC1lY2FhLTExZTYtOGY4OC0zNDM2M2JjN2M0YzAiOnsiY3JlYXRlIjoyNDAwMDAwMDAwMDAsImRlbGV0ZSI6MjQwMDAwMDAwMDAwLCJ1cGRhdGUiOjI0MDAwMDAwMDAwMH19"
        }
      ]
    },
    {
      "mode": "managed",
      "type": "google_container_cluster",
      "name": "gcc",
      "provider": "provider.google",
      "instances": [
        {
          "schema_version": 1,
          "attributes": {
            "additional_zones": [
              "us-central1-a",
              "us-central1-c",
              "us-central1-f"
            ],
            "addons_config": [
              {
                "horizontal_pod_autoscaling": [],
                "http_load_balancing": [],
                "kubernetes_dashboard": [
                  {
                    "disabled": true
                  }
                ],
                "network_policy_config": [
                  {
                    "disabled": true
                  }
                ]
              }
            ],
            "cluster_autoscaling": [],
            "cluster_ipv4_cidr": "10.12.0.0/14",
            "default_max_pods_per_node": 110,
            "description": "",
            "enable_binary_authorization": null,
            "enable_intranode_visibility": null,
            "enable_kubernetes_alpha": false,
            "enable_legacy_abac": false,
            "enable_tpu": null,
            "endpoint": "104.197.171.189",
            "id": "work-gcc",
            "initial_node_count": 1,
            "instance_group_urls": [],
            "ip_allocation_policy": [],
            "location": "us-central1",
            "logging_service": "logging.googleapis.com",
            "maintenance_policy": [],
            "master_auth": [
              {
                "client_certificate": "LS0tLS1CRUdJTiBDRVJUSUZJQ0FURS0tLS0tCk1JSUMyekNDQWNPZ0F3SUJBZ0lSQUw2YUtWOEdVc3RMMnpNMlFlQXc1Nkl3RFFZSktvWklodmNOQVFFTEJRQXcKTHpFdE1Dc0dBMVVFQXhNa01tRTNNelUxWm1RdFlXRTVZaTAwWmpJeUxUaGhaVFF0WVRBd05XSmlZalUzWVdGbQpNQjRYRFRFNU1USXhNekUwTkRjeE9Gb1hEVEkwTVRJeE1URTBORGN4T0Zvd0VURVBNQTBHQTFVRUF4TUdZMnhwClpXNTBNSUlCSWpBTkJna3Foa2lHOXcwQkFRRUZBQU9DQVE4QU1JSUJDZ0tDQVFFQTBiNW4zRWJnSkdjSnNxeVgKQytTc3BlM0RvZDZ0Y1cwRnhubHlteVhTUWJYMldtTjRCOUFNQXFjNGVMWnBVNHljZ1RNeUthUXd2Y0xrbEZuTgoySEhDZXFpWXZYM1FHRWtvZk1kSzVhYkZmYVlDZjhTSHhFMlRhNk14cmh3c3pnMFoySm9pQnN6WEVJVDNUT0tUCjBrdXU0Zno2aGkzQjFSV3JTUnk5c09oWWp5ZXlESVlwOWlYVVUzUk1rYm5WNXBDRmcyaFB1RzFZMEIvVjNiNFYKcHNEdHpoZ1dDeVRVYzUyM2ppMks0K1JxZ0xPN1ZacjUxNDJUNFJJWWlpenFwWkxJamxqR3RWanQ1VGpEYmdMYQpKTVJ6QTRBV2Z1b3MxZW1ndnNUV3NFZS95cnNxVldXLzRZSXBXYzY5c2liRG40TVU2cHM1OHg4WXZUNE9IUzQxClhXdDQ5d0lEQVFBQm94QXdEakFNQmdOVkhSTUJBZjhFQWpBQU1BMEdDU3FHU0liM0RRRUJDd1VBQTRJQkFRQjEKOGJNRm1zOUd4YkFia0Nrc2lrQVJJZFgrVnN1L0lRVmliNjBqelVDa2ZCQ1VoVjE3bTFmL25BRnVmYWtNRjdxWgorTVN6cGNldWJGcnJqMjBxT0I2TWJRaUxXMGZZanFZdHA5TTJPZVJiNllDbHh0bVFaN1hWZmFTR1FUVzYvdFptCkl3WGl1MURMU29zNHgvR2xrOTdqbXVrWjk5dHIyMGh5SjJiV0s5WFkwQ00zcFkvbFBLd3hlMi9YTTh3cTFkc0gKNE8wZURLNFIxVXU4RVNxbVNoTzBXaWNBQ0RiaFh3all4VW5sMzM1OThMd2c4cjhHdjBBUHZKdzgrSm5SVm83TAp4SytLeFVqUmVJdjN0SmxycENaWmIrTmwxZWpmWjI1bTB0NFJEWFd0MTVUalZKU3lXaERieFdUM1ErZEFRV2Z0CkxkeThjT1RBdlhaYy9wRGI3VnNaCi0tLS0tRU5EIENFUlRJRklDQVRFLS0tLS0K",
                "client_certificate_config": [
                  {
                    "issue_client_certificate": true
                  }
                ],
                "client_key": "LS0tLS1CRUdJTiBSU0EgUFJJVkFURSBLRVktLS0tLQpNSUlFb3dJQkFBS0NBUUVBMGI1bjNFYmdKR2NKc3F5WEMrU3NwZTNEb2Q2dGNXMEZ4bmx5bXlYU1FiWDJXbU40CkI5QU1BcWM0ZUxacFU0eWNnVE15S2FRd3ZjTGtsRm5OMkhIQ2VxaVl2WDNRR0Vrb2ZNZEs1YWJGZmFZQ2Y4U0gKeEUyVGE2TXhyaHdzemcwWjJKb2lCc3pYRUlUM1RPS1Qwa3V1NGZ6NmhpM0IxUldyU1J5OXNPaFlqeWV5RElZcAo5aVhVVTNSTWtiblY1cENGZzJoUHVHMVkwQi9WM2I0VnBzRHR6aGdXQ3lUVWM1MjNqaTJLNCtScWdMTzdWWnI1CjE0MlQ0UklZaWl6cXBaTElqbGpHdFZqdDVUakRiZ0xhSk1SekE0QVdmdW9zMWVtZ3ZzVFdzRWUveXJzcVZXVy8KNFlJcFdjNjlzaWJEbjRNVTZwczU4eDhZdlQ0T0hTNDFYV3Q0OXdJREFRQUJBb0lCQURJQ3h3djRZRmg5c3d2Rgo2RXdmTGVWd2tHMkh4VzVlc3ZwVW1mV1JhcFZkZUV5c0hBSXM0cmc5UEJOWVZ6dmpNcXdCMDR1blNUSHVCd2V5CmRBa1FjdkZCUXc0bnNoY2dWb1dPRlhjMXNUQlpCWTZHZzJMVXBucUxVbnl6M2lFUmNhQzZlN09JWXgxZXZ3SzMKb2N5S1hEd3BVR2p1L3lFNlJmbXNYelNQNmhIVDAvclgxaUs3RllFNUJNeXRJNmRBQTNMUlZqOTladjZ4VTJZRgprVjFyVHJpV0xFWm44VFgzaUw1U0F4Uys4MkVseE5Ha3U5d0dnSFB6dVBEUkVWUUZOdFJpenFmSDFVM2ZhSDIwCllIc3VkRnBlZ05QV3d6NVJIWlNEMnNFa2c5UjlpNGc0Qkd0RXhGcDAwT0Y4SXpPQ2xiVExZcDl0ZzZQYVFJSngKMHRSVDkzRUNnWUVBOTVyaE1YTlBHNmlqb3JuQXV0V2pOMFhlVTlrWkZDZXBSYytRTW1hT2svaXpmZ3piRi9vVwpsbmRmS21CVXpKNytpb2hKWUowclU3cEVtQm1Ja0pUcDQ2dWhSYThHT2hwQVBjV3dJOHEyWWYxbmpEYlJuT3FHCnhZSDJLOXAvNi9hVXZZazEyVlRHNVRlQW5QUUdjU1I2ZGd5d1I2MDhrSjZlMXhPSkNlZDRlUWNDZ1lFQTJOcm4KanJaWGJSREZUMkJ1ZHNzTGhROEtmcWY0Y2VlZXpmM2M1eXl3eWNiRDRtYW9LN3F4Y1EzWlZxWEFKK0s0bHkxZwpVVytlNmtKZkdqQStGeUFDWnVVWkpJRGxoUzUxTWRHUFVPa3NRajFRc0EzTUw1c2JPKzdETWZsSStwQ2JmbEtPCkVwMGdsTTQ4YWJpeDk1U05oUHdQVjE4OEJRVjhJRWQ5MlBLNnRKRUNnWUI3ViswTVhEdXhOSTNuZHc4YVEyaGUKRlhFT1pkeUhYTWFISDBIZXlaWUhBbUl2emFtcXhRdFJneitsOVh6b3ZkOWhGVWt3VnJzSnA0V2FHMFliZUFNWApSaDA5Z0ZYaXhjYnd2clRpNzQxeFBQSERPRit0QW11R29ob0dlSDgzQll2TTZ6Z20vb05pRmdiOHFOYzRyNHBOCm1qNktSak1nZTlQMm9pV25DR2JNS3dLQmdCejdqTTBuRTZJeEJwM29QbnRFQWVNanNueGhDTFI0aDJIeWx1NlMKcTRJY1BadnBxbnBGdG1kc3VXcDZOcWRlQnR1MXBkVGNmVG5ENngvOTZKNkFtYkdVMXZwbys4UUVCSWZIQVVlSQpFbkU3N3FmSkFFd3doOEJIMWZDODU0TU5ocXFvYi9LTzY0YlgxWDB2d1NGY3lsbEdzdW96Z1RzT2s1dGcwcklICkp1cnhBb0dCQUtWbUt4S1BnTE56d0IzVkkwNC9QOFJKMVJncHhvK2pBaFhaTmN2WG9lL2M2QTd3WXRtc2dmVHIKUjJpSU9lWC9HV2FVL21ZVndobzBaL2MwTmMvb2pvZlZNU0ZlR0FyeTdVYWJCTEVpcW5qWVBCOG9md0J1OUQ1awovN05aV1dkMDVxKzlQRU1IOFJuRDdWQUU0SXBqeGE0VURtOFZodnpvanRVSkZ3aFZvOTh0Ci0tLS0tRU5EIFJTQSBQUklWQVRFIEtFWS0tLS0tCg==",
                "cluster_ca_certificate": "LS0tLS1CRUdJTiBDRVJUSUZJQ0FURS0tLS0tCk1JSURERENDQWZTZ0F3SUJBZ0lSQUpNQ0RqSEpzUG5wUGFUL3cwWFI5eFF3RFFZSktvWklodmNOQVFFTEJRQXcKTHpFdE1Dc0dBMVVFQXhNa01tRTNNelUxWm1RdFlXRTVZaTAwWmpJeUxUaGhaVFF0WVRBd05XSmlZalUzWVdGbQpNQjRYRFRFNU1USXhNekV6TkRjeE5sb1hEVEkwTVRJeE1URTBORGN4Tmxvd0x6RXRNQ3NHQTFVRUF4TWtNbUUzCk16VTFabVF0WVdFNVlpMDBaakl5TFRoaFpUUXRZVEF3TldKaVlqVTNZV0ZtTUlJQklqQU5CZ2txaGtpRzl3MEIKQVFFRkFBT0NBUThBTUlJQkNnS0NBUUVBbUFqRW5ZYTRkWUhoaVNVWnVEU1JSN1A5VE1mR08za3hha2s2RWVVMgpsbjNsSWZpbnYrd3lodUVVUCt1bHdLTFZSY2dQQ2ZMekQwMk5DNnNZWGlTTm95UzdLNW0vTEg4TC93RVZTYTNECmdNaXlmR3FuYklqV3VpSEhRWE1yanhYcWZodEkwU0ZhL29hRmF4TmQ1aGE0bnpaMDQzaEF3UnZhZnNVOVkycVoKMGdFOFNvVlg2aEZRSVRQbERkS1duWkhNd1dNNFFyUkdsR2xEcnc5b1U1Z3grcWZRSDNQbytBUWVXeU8wVEQ1dwpyc3k0akErRm9JRWhyVWRzelBmL1kvTmtqQ2ZuUVMwQ1dLMWR6ellLeFU0TUl1OWhkd0hBc3NwNjJ6QVFrYmVHCjJ4T29zQjQzSmN6VzErL3crN2VxbVRmUHVabTM3MVNUZlhnRUtzeWNyS21ZK3dJREFRQUJveU13SVRBT0JnTlYKSFE4QkFmOEVCQU1DQWdRd0R3WURWUjBUQVFIL0JBVXdBd0VCL3pBTkJna3Foa2lHOXcwQkFRc0ZBQU9DQVFFQQpXTVNFYnFUOFBnd1BWOU9sVFdRREl6ditUdjNTSG8wcVR4N1RvMlV3VzA5ek9OcmlaWGFOZ1JYb2RiWlBNMGJlClg3VklQNVJYUUdpOGdISW0wODd1aUZ6UmtvMHNMc0E5R1k0Yys3Z2Q1UGF6MXZpTm16bDFRcmJSN3ZrREpFV0cKZWk1YXpET0lwcWErVloxakpYa2dZTFUrV3Vwc1hFQWZrbXlDQlUvL2NBbDVPanZNaVJENmxpcGdrdmxpbFhJbQpEc1BvNVBEb2dIS25qVHVSVlNUYWJBckZ2OTJPSGt2bUpTUEVKZU9tRFJjVlY2dHJ0dFdBcnBpWXpBcXdmM1RvClpSQVpVK2pkaGdxRURJUmVoanBsOFFlc2JNeW1ndEdFVzE3YkxCQWNmNVFCYWhXVXphSWxVY2c3TDg1NW1TcTYKVkZ5d0Y5aS9icElVMHlteTA5Zit0QT09Ci0tLS0tRU5EIENFUlRJRklDQVRFLS0tLS0K",
                "password": "",
                "username": ""
              }
            ],
            "master_authorized_networks_config": [],
            "master_version": "1.13.11-gke.14",
            "min_master_version": null,
            "monitoring_service": "monitoring.googleapis.com",
            "name": "work-gcc",
            "network": "projects/work1111/global/networks/work-net",
            "network_policy": [
              {
                "enabled": false,
                "provider": "PROVIDER_UNSPECIFIED"
              }
            ],
            "node_config": [],
            "node_locations": [
              "us-central1-a",
              "us-central1-c",
              "us-central1-f"
            ],
            "node_pool": [],
            "node_version": "1.13.11-gke.14",
            "pod_security_policy_config": [],
            "private_cluster_config": [],
            "project": "work1111",
            "region": "us-central1",
            "remove_default_node_pool": true,
            "resource_labels": null,
            "services_ipv4_cidr": "10.15.240.0/20",
            "subnetwork": "projects/work1111/regions/us-central1/subnetworks/work-net",
            "timeouts": null,
            "zone": null
          },
          "private": "eyJlMmJmYjczMC1lY2FhLTExZTYtOGY4OC0zNDM2M2JjN2M0YzAiOnsiY3JlYXRlIjoxODAwMDAwMDAwMDAwLCJkZWxldGUiOjE4MDAwMDAwMDAwMDAsInVwZGF0ZSI6MzYwMDAwMDAwMDAwMH0sInNjaGVtYV92ZXJzaW9uIjoiMSJ9",
          "depends_on": [
            "google_compute_network.work_net"
          ]
        }
      ]
    },
    {
      "mode": "managed",
      "type": "google_container_node_pool",
      "name": "gc_node_pool",
      "provider": "provider.google",
      "instances": [
        {
          "schema_version": 1,
          "attributes": {
            "autoscaling": [],
            "cluster": "work-gcc",
            "id": "us-central1/work-gcc/gc-node-pool",
            "initial_node_count": 1,
            "instance_group_urls": [
              "https://www.googleapis.com/compute/v1/projects/work1111/zones/us-central1-c/instanceGroupManagers/gke-work-gcc-gc-node-pool-32a01ec1-grp",
              "https://www.googleapis.com/compute/v1/projects/work1111/zones/us-central1-f/instanceGroupManagers/gke-work-gcc-gc-node-pool-5e8cd26b-grp",
              "https://www.googleapis.com/compute/v1/projects/work1111/zones/us-central1-a/instanceGroupManagers/gke-work-gcc-gc-node-pool-c44cf1b7-grp"
            ],
            "location": "us-central1",
            "management": [
              {
                "auto_repair": false,
                "auto_upgrade": false
              }
            ],
            "max_pods_per_node": null,
            "name": "gc-node-pool",
            "name_prefix": "",
            "node_config": [
              {
                "disk_size_gb": 100,
                "disk_type": "pd-standard",
                "guest_accelerator": [],
                "image_type": "COS",
                "labels": {},
                "local_ssd_count": 0,
                "machine_type": "n1-standard-1",
                "metadata": {
                  "disable-legacy-endpoints": "true"
                },
                "min_cpu_platform": "",
                "oauth_scopes": [
                  "https://www.googleapis.com/auth/devstorage.read_only",
                  "https://www.googleapis.com/auth/logging.write",
                  "https://www.googleapis.com/auth/monitoring"
                ],
                "preemptible": true,
                "sandbox_config": [],
                "service_account": "default",
                "tags": null,
                "taint": [],
                "workload_metadata_config": []
              }
            ],
            "node_count": 1,
            "project": "work1111",
            "region": "us-central1",
            "timeouts": null,
            "version": "1.13.11-gke.14",
            "zone": null
          },
          "private": "eyJlMmJmYjczMC1lY2FhLTExZTYtOGY4OC0zNDM2M2JjN2M0YzAiOnsiY3JlYXRlIjoxODAwMDAwMDAwMDAwLCJkZWxldGUiOjYwMDAwMDAwMDAwMCwidXBkYXRlIjo2MDAwMDAwMDAwMDB9LCJzY2hlbWFfdmVyc2lvbiI6IjEifQ==",
          "depends_on": [
            "google_container_cluster.gcc"
          ]
        }
      ]
    }
  ]
}
